
Microsoft Visual Studio Solution File, Format Version 12.00
# Visual Studio 15
VisualStudioVersion = 15.0.26228.4
MinimumVisualStudioVersion = 10.0.40219.1
Project("{FAE04EC0-301F-11D3-BF4B-00C04F79EFBC}") = "mypaypalApp.Android", "mypaypalApp\mypaypalApp.Android\mypaypalApp.Android.csproj", "{9C5633C8-1957-4A8B-B291-7B8A8A19777F}"
EndProject
Project("{FAE04EC0-301F-11D3-BF4B-00C04F79EFBC}") = "mypaypalApp", "mypaypalApp\mypaypalApp\mypaypalApp.csproj", "{55DC1F2C-B594-4D7F-BBBD-FBCD9765BD6B}"
EndProject
Project("{FAE04EC0-301F-11D3-BF4B-00C04F79EFBC}") = "mypaypalApp.UWP", "mypaypalApp\mypaypalApp.UWP\mypaypalApp.UWP.csproj", "{6B736F11-E9B7-4ED3-B7FE-91D1F4468A5D}"
EndProject
Project("{FAE04EC0-301F-11D3-BF4B-00C04F79EFBC}") = "mypaypalApp.iOS", "mypaypalApp\mypaypalApp.iOS\mypaypalApp.iOS.csproj", "{24FB2245-6FE4-45BB-823A-F9109CAE0D5E}"
EndProject
Global
	GlobalSection(SolutionConfigurationPlatforms) = preSolution
		Ad-Hoc|Any CPU = Ad-Hoc|Any CPU
		Ad-Hoc|ARM = Ad-Hoc|ARM
		Ad-Hoc|iPhone = Ad-Hoc|iPhone
		Ad-Hoc|iPhoneSimulator = Ad-Hoc|iPhoneSimulator
		Ad-Hoc|x64 = Ad-Hoc|x64
		Ad-Hoc|x86 = Ad-Hoc|x86
		AppStore|Any CPU = AppStore|Any CPU
		AppStore|ARM = AppStore|ARM
		AppStore|iPhone = AppStore|iPhone
		AppStore|iPhoneSimulator = AppStore|iPhoneSimulator
		AppStore|x64 = AppStore|x64
		AppStore|x86 = AppStore|x86
		Debug|Any CPU = Debug|Any CPU
		Debug|ARM = Debug|ARM
		Debug|iPhone = Debug|iPhone
		Debug|iPhoneSimulator = Debug|iPhoneSimulator
		Debug|x64 = Debug|x64
		Debug|x86 = Debug|x86
		Release|Any CPU = Release|Any CPU
		Release|ARM = Release|ARM
		Release|iPhone = Release|iPhone
		Release|iPhoneSimulator = Release|iPhoneSimulator
		Release|x64 = Release|x64
		Release|x86 = Release|x86
	EndGlobalSection
	GlobalSection(ProjectConfigurationPlatforms) = postSolution
		{9C5633C8-1957-4A8B-B291-7B8A8A19777F}.Ad-Hoc|Any CPU.ActiveCfg = Release|Any CPU
		{9C5633C8-1957-4A8B-B291-7B8A8A19777F}.Ad-Hoc|Any CPU.Build.0 = Release|Any CPU
		{9C5633C8-1957-4A8B-B291-7B8A8A19777F}.Ad-Hoc|Any CPU.Deploy.0 = Release|Any CPU
		{9C5633C8-1957-4A8B-B291-7B8A8A19777F}.Ad-Hoc|ARM.ActiveCfg = Release|Any CPU
		{9C5633C8-1957-4A8B-B291-7B8A8A19777F}.Ad-Hoc|ARM.Build.0 = Release|Any CPU
		{9C5633C8-1957-4A8B-B291-7B8A8A19777F}.Ad-Hoc|ARM.Deploy.0 = Release|Any CPU
		{9C5633C8-1957-4A8B-B291-7B8A8A19777F}.Ad-Hoc|iPhone.ActiveCfg = Release|Any CPU
		{9C5633C8-1957-4A8B-B291-7B8A8A19777F}.Ad-Hoc|iPhone.Build.0 = Release|Any CPU
		{9C5633C8-1957-4A8B-B291-7B8A8A19777F}.Ad-Hoc|iPhone.Deploy.0 = Release|Any CPU
		{9C5633C8-1957-4A8B-B291-7B8A8A19777F}.Ad-Hoc|iPhoneSimulator.ActiveCfg = Release|Any CPU
		{9C5633C8-1957-4A8B-B291-7B8A8A19777F}.Ad-Hoc|iPhoneSimulator.Build.0 = Release|Any CPU
		{9C5633C8-1957-4A8B-B291-7B8A8A19777F}.Ad-Hoc|iPhoneSimulator.Deploy.0 = Release|Any CPU
		{9C5633C8-1957-4A8B-B291-7B8A8A19777F}.Ad-Hoc|x64.ActiveCfg = Release|Any CPU
		{9C5633C8-1957-4A8B-B291-7B8A8A19777F}.Ad-Hoc|x64.Build.0 = Release|Any CPU
		{9C5633C8-1957-4A8B-B291-7B8A8A19777F}.Ad-Hoc|x64.Deploy.0 = Release|Any CPU
		{9C5633C8-1957-4A8B-B291-7B8A8A19777F}.Ad-Hoc|x86.ActiveCfg = Release|Any CPU
		{9C5633C8-1957-4A8B-B291-7B8A8A19777F}.Ad-Hoc|x86.Build.0 = Release|Any CPU
		{9C5633C8-1957-4A8B-B291-7B8A8A19777F}.Ad-Hoc|x86.Deploy.0 = Release|Any CPU
		{9C5633C8-1957-4A8B-B291-7B8A8A19777F}.AppStore|Any CPU.ActiveCfg = Release|Any CPU
		{9C5633C8-1957-4A8B-B291-7B8A8A19777F}.AppStore|Any CPU.Build.0 = Release|Any CPU
		{9C5633C8-1957-4A8B-B291-7B8A8A19777F}.AppStore|Any CPU.Deploy.0 = Release|Any CPU
		{9C5633C8-1957-4A8B-B291-7B8A8A19777F}.AppStore|ARM.ActiveCfg = Release|Any CPU
		{9C5633C8-1957-4A8B-B291-7B8A8A19777F}.AppStore|ARM.Build.0 = Release|Any CPU
		{9C5633C8-1957-4A8B-B291-7B8A8A19777F}.AppStore|ARM.Deploy.0 = Release|Any CPU
		{9C5633C8-1957-4A8B-B291-7B8A8A19777F}.AppStore|iPhone.ActiveCfg = Release|Any CPU
		{9C5633C8-1957-4A8B-B291-7B8A8A19777F}.AppStore|iPhone.Build.0 = Release|Any CPU
		{9C5633C8-1957-4A8B-B291-7B8A8A19777F}.AppStore|iPhone.Deploy.0 = Release|Any CPU
		{9C5633C8-1957-4A8B-B291-7B8A8A19777F}.AppStore|iPhoneSimulator.ActiveCfg = Release|Any CPU
		{9C5633C8-1957-4A8B-B291-7B8A8A19777F}.AppStore|iPhoneSimulator.Build.0 = Release|Any CPU
		{9C5633C8-1957-4A8B-B291-7B8A8A19777F}.AppStore|iPhoneSimulator.Deploy.0 = Release|Any CPU
		{9C5633C8-1957-4A8B-B291-7B8A8A19777F}.AppStore|x64.ActiveCfg = Release|Any CPU
		{9C5633C8-1957-4A8B-B291-7B8A8A19777F}.AppStore|x64.Build.0 = Release|Any CPU
		{9C5633C8-1957-4A8B-B291-7B8A8A19777F}.AppStore|x64.Deploy.0 = Release|Any CPU
		{9C5633C8-1957-4A8B-B291-7B8A8A19777F}.AppStore|x86.ActiveCfg = Release|Any CPU
		{9C5633C8-1957-4A8B-B291-7B8A8A19777F}.AppStore|x86.Build.0 = Release|Any CPU
		{9C5633C8-1957-4A8B-B291-7B8A8A19777F}.AppStore|x86.Deploy.0 = Release|Any CPU
		{9C5633C8-1957-4A8B-B291-7B8A8A19777F}.Debug|Any CPU.ActiveCfg = Debug|Any CPU
		{9C5633C8-1957-4A8B-B291-7B8A8A19777F}.Debug|Any CPU.Build.0 = Debug|Any CPU
		{9C5633C8-1957-4A8B-B291-7B8A8A19777F}.Debug|Any CPU.Deploy.0 = Debug|Any CPU
		{9C5633C8-1957-4A8B-B291-7B8A8A19777F}.Debug|ARM.ActiveCfg = Debug|Any CPU
		{9C5633C8-1957-4A8B-B291-7B8A8A19777F}.Debug|ARM.Build.0 = Debug|Any CPU
		{9C5633C8-1957-4A8B-B291-7B8A8A19777F}.Debug|ARM.Deploy.0 = Debug|Any CPU
		{9C5633C8-1957-4A8B-B291-7B8A8A19777F}.Debug|iPhone.ActiveCfg = Debug|Any CPU
		{9C5633C8-1957-4A8B-B291-7B8A8A19777F}.Debug|iPhone.Build.0 = Debug|Any CPU
		{9C5633C8-1957-4A8B-B291-7B8A8A19777F}.Debug|iPhone.Deploy.0 = Debug|Any CPU
		{9C5633C8-1957-4A8B-B291-7B8A8A19777F}.Debug|iPhoneSimulator.ActiveCfg = Debug|Any CPU
		{9C5633C8-1957-4A8B-B291-7B8A8A19777F}.Debug|iPhoneSimulator.Build.0 = Debug|Any CPU
		{9C5633C8-1957-4A8B-B291-7B8A8A19777F}.Debug|iPhoneSimulator.Deploy.0 = Debug|Any CPU
		{9C5633C8-1957-4A8B-B291-7B8A8A19777F}.Debug|x64.ActiveCfg = Debug|Any CPU
		{9C5633C8-1957-4A8B-B291-7B8A8A19777F}.Debug|x64.Build.0 = Debug|Any CPU
		{9C5633C8-1957-4A8B-B291-7B8A8A19777F}.Debug|x64.Deploy.0 = Debug|Any CPU
		{9C5633C8-1957-4A8B-B291-7B8A8A19777F}.Debug|x86.ActiveCfg = Debug|Any CPU
		{9C5633C8-1957-4A8B-B291-7B8A8A19777F}.Debug|x86.Build.0 = Debug|Any CPU
		{9C5633C8-1957-4A8B-B291-7B8A8A19777F}.Debug|x86.Deploy.0 = Debug|Any CPU
		{9C5633C8-1957-4A8B-B291-7B8A8A19777F}.Release|Any CPU.ActiveCfg = Release|Any CPU
		{9C5633C8-1957-4A8B-B291-7B8A8A19777F}.Release|Any CPU.Build.0 = Release|Any CPU
		{9C5633C8-1957-4A8B-B291-7B8A8A19777F}.Release|Any CPU.Deploy.0 = Release|Any CPU
		{9C5633C8-1957-4A8B-B291-7B8A8A19777F}.Release|ARM.ActiveCfg = Release|Any CPU
		{9C5633C8-1957-4A8B-B291-7B8A8A19777F}.Release|ARM.Build.0 = Release|Any CPU
		{9C5633C8-1957-4A8B-B291-7B8A8A19777F}.Release|ARM.Deploy.0 = Release|Any CPU
		{9C5633C8-1957-4A8B-B291-7B8A8A19777F}.Release|iPhone.ActiveCfg = Release|Any CPU
		{9C5633C8-1957-4A8B-B291-7B8A8A19777F}.Release|iPhone.Build.0 = Release|Any CPU
		{9C5633C8-1957-4A8B-B291-7B8A8A19777F}.Release|iPhone.Deploy.0 = Release|Any CPU
		{9C5633C8-1957-4A8B-B291-7B8A8A19777F}.Release|iPhoneSimulator.ActiveCfg = Release|Any CPU
		{9C5633C8-1957-4A8B-B291-7B8A8A19777F}.Release|iPhoneSimulator.Build.0 = Release|Any CPU
		{9C5633C8-1957-4A8B-B291-7B8A8A19777F}.Release|iPhoneSimulator.Deploy.0 = Release|Any CPU
		{9C5633C8-1957-4A8B-B291-7B8A8A19777F}.Release|x64.ActiveCfg = Release|Any CPU
		{9C5633C8-1957-4A8B-B291-7B8A8A19777F}.Release|x64.Build.0 = Release|Any CPU
		{9C5633C8-1957-4A8B-B291-7B8A8A19777F}.Release|x64.Deploy.0 = Release|Any CPU
		{9C5633C8-1957-4A8B-B291-7B8A8A19777F}.Release|x86.ActiveCfg = Release|Any CPU
		{9C5633C8-1957-4A8B-B291-7B8A8A19777F}.Release|x86.Build.0 = Release|Any CPU
		{9C5633C8-1957-4A8B-B291-7B8A8A19777F}.Release|x86.Deploy.0 = Release|Any CPU
		{55DC1F2C-B594-4D7F-BBBD-FBCD9765BD6B}.Ad-Hoc|Any CPU.ActiveCfg = Release|Any CPU
		{55DC1F2C-B594-4D7F-BBBD-FBCD9765BD6B}.Ad-Hoc|Any CPU.Build.0 = Release|Any CPU
		{55DC1F2C-B594-4D7F-BBBD-FBCD9765BD6B}.Ad-Hoc|ARM.ActiveCfg = Release|Any CPU
		{55DC1F2C-B594-4D7F-BBBD-FBCD9765BD6B}.Ad-Hoc|ARM.Build.0 = Release|Any CPU
		{55DC1F2C-B594-4D7F-BBBD-FBCD9765BD6B}.Ad-Hoc|iPhone.ActiveCfg = Release|Any CPU
		{55DC1F2C-B594-4D7F-BBBD-FBCD9765BD6B}.Ad-Hoc|iPhone.Build.0 = Release|Any CPU
		{55DC1F2C-B594-4D7F-BBBD-FBCD9765BD6B}.Ad-Hoc|iPhoneSimulator.ActiveCfg = Release|Any CPU
		{55DC1F2C-B594-4D7F-BBBD-FBCD9765BD6B}.Ad-Hoc|iPhoneSimulator.Build.0 = Release|Any CPU
		{55DC1F2C-B594-4D7F-BBBD-FBCD9765BD6B}.Ad-Hoc|x64.ActiveCfg = Release|Any CPU
		{55DC1F2C-B594-4D7F-BBBD-FBCD9765BD6B}.Ad-Hoc|x64.Build.0 = Release|Any CPU
		{55DC1F2C-B594-4D7F-BBBD-FBCD9765BD6B}.Ad-Hoc|x86.ActiveCfg = Release|Any CPU
		{55DC1F2C-B594-4D7F-BBBD-FBCD9765BD6B}.Ad-Hoc|x86.Build.0 = Release|Any CPU
		{55DC1F2C-B594-4D7F-BBBD-FBCD9765BD6B}.AppStore|Any CPU.ActiveCfg = Release|Any CPU
		{55DC1F2C-B594-4D7F-BBBD-FBCD9765BD6B}.AppStore|Any CPU.Build.0 = Release|Any CPU
		{55DC1F2C-B594-4D7F-BBBD-FBCD9765BD6B}.AppStore|ARM.ActiveCfg = Release|Any CPU
		{55DC1F2C-B594-4D7F-BBBD-FBCD9765BD6B}.AppStore|ARM.Build.0 = Release|Any CPU
		{55DC1F2C-B594-4D7F-BBBD-FBCD9765BD6B}.AppStore|iPhone.ActiveCfg = Release|Any CPU
		{55DC1F2C-B594-4D7F-BBBD-FBCD9765BD6B}.AppStore|iPhone.Build.0 = Release|Any CPU
		{55DC1F2C-B594-4D7F-BBBD-FBCD9765BD6B}.AppStore|iPhoneSimulator.ActiveCfg = Release|Any CPU
		{55DC1F2C-B594-4D7F-BBBD-FBCD9765BD6B}.AppStore|iPhoneSimulator.Build.0 = Release|Any CPU
		{55DC1F2C-B594-4D7F-BBBD-FBCD9765BD6B}.AppStore|x64.ActiveCfg = Release|Any CPU
		{55DC1F2C-B594-4D7F-BBBD-FBCD9765BD6B}.AppStore|x64.Build.0 = Release|Any CPU
		{55DC1F2C-B594-4D7F-BBBD-FBCD9765BD6B}.AppStore|x86.ActiveCfg = Release|Any CPU
		{55DC1F2C-B594-4D7F-BBBD-FBCD9765BD6B}.AppStore|x86.Build.0 = Release|Any CPU
		{55DC1F2C-B594-4D7F-BBBD-FBCD9765BD6B}.Debug|Any CPU.ActiveCfg = Debug|Any CPU
		{55DC1F2C-B594-4D7F-BBBD-FBCD9765BD6B}.Debug|Any CPU.Build.0 = Debug|Any CPU
		{55DC1F2C-B594-4D7F-BBBD-FBCD9765BD6B}.Debug|ARM.ActiveCfg = Debug|Any CPU
		{55DC1F2C-B594-4D7F-BBBD-FBCD9765BD6B}.Debug|ARM.Build.0 = Debug|Any CPU
		{55DC1F2C-B594-4D7F-BBBD-FBCD9765BD6B}.Debug|iPhone.ActiveCfg = Debug|Any CPU
		{55DC1F2C-B594-4D7F-BBBD-FBCD9765BD6B}.Debug|iPhone.Build.0 = Debug|Any CPU
		{55DC1F2C-B594-4D7F-BBBD-FBCD9765BD6B}.Debug|iPhoneSimulator.ActiveCfg = Debug|Any CPU
		{55DC1F2C-B594-4D7F-BBBD-FBCD9765BD6B}.Debug|iPhoneSimulator.Build.0 = Debug|Any CPU
		{55DC1F2C-B594-4D7F-BBBD-FBCD9765BD6B}.Debug|x64.ActiveCfg = Debug|Any CPU
		{55DC1F2C-B594-4D7F-BBBD-FBCD9765BD6B}.Debug|x64.Build.0 = Debug|Any CPU
		{55DC1F2C-B594-4D7F-BBBD-FBCD9765BD6B}.Debug|x86.ActiveCfg = Debug|Any CPU
		{55DC1F2C-B594-4D7F-BBBD-FBCD9765BD6B}.Debug|x86.Build.0 = Debug|Any CPU
		{55DC1F2C-B594-4D7F-BBBD-FBCD9765BD6B}.Release|Any CPU.ActiveCfg = Release|Any CPU
		{55DC1F2C-B594-4D7F-BBBD-FBCD9765BD6B}.Release|Any CPU.Build.0 = Release|Any CPU
		{55DC1F2C-B594-4D7F-BBBD-FBCD9765BD6B}.Release|ARM.ActiveCfg = Release|Any CPU
		{55DC1F2C-B594-4D7F-BBBD-FBCD9765BD6B}.Release|ARM.Build.0 = Release|Any CPU
		{55DC1F2C-B594-4D7F-BBBD-FBCD9765BD6B}.Release|iPhone.ActiveCfg = Release|Any CPU
		{55DC1F2C-B594-4D7F-BBBD-FBCD9765BD6B}.Release|iPhone.Build.0 = Release|Any CPU
		{55DC1F2C-B594-4D7F-BBBD-FBCD9765BD6B}.Release|iPhoneSimulator.ActiveCfg = Release|Any CPU
		{55DC1F2C-B594-4D7F-BBBD-FBCD9765BD6B}.Release|iPhoneSimulator.Build.0 = Release|Any CPU
		{55DC1F2C-B594-4D7F-BBBD-FBCD9765BD6B}.Release|x64.ActiveCfg = Release|Any CPU
		{55DC1F2C-B594-4D7F-BBBD-FBCD9765BD6B}.Release|x64.Build.0 = Release|Any CPU
		{55DC1F2C-B594-4D7F-BBBD-FBCD9765BD6B}.Release|x86.ActiveCfg = Release|Any CPU
		{55DC1F2C-B594-4D7F-BBBD-FBCD9765BD6B}.Release|x86.Build.0 = Release|Any CPU
		{6B736F11-E9B7-4ED3-B7FE-91D1F4468A5D}.Ad-Hoc|Any CPU.ActiveCfg = Release|x86
		{6B736F11-E9B7-4ED3-B7FE-91D1F4468A5D}.Ad-Hoc|Any CPU.Build.0 = Release|x86
		{6B736F11-E9B7-4ED3-B7FE-91D1F4468A5D}.Ad-Hoc|Any CPU.Deploy.0 = Release|x86
		{6B736F11-E9B7-4ED3-B7FE-91D1F4468A5D}.Ad-Hoc|ARM.ActiveCfg = Release|ARM
		{6B736F11-E9B7-4ED3-B7FE-91D1F4468A5D}.Ad-Hoc|ARM.Build.0 = Release|ARM
		{6B736F11-E9B7-4ED3-B7FE-91D1F4468A5D}.Ad-Hoc|ARM.Deploy.0 = Release|ARM
		{6B736F11-E9B7-4ED3-B7FE-91D1F4468A5D}.Ad-Hoc|iPhone.ActiveCfg = Release|x86
		{6B736F11-E9B7-4ED3-B7FE-91D1F4468A5D}.Ad-Hoc|iPhone.Build.0 = Release|x86
		{6B736F11-E9B7-4ED3-B7FE-91D1F4468A5D}.Ad-Hoc|iPhone.Deploy.0 = Release|x86
		{6B736F11-E9B7-4ED3-B7FE-91D1F4468A5D}.Ad-Hoc|iPhoneSimulator.ActiveCfg = Release|x86
		{6B736F11-E9B7-4ED3-B7FE-91D1F4468A5D}.Ad-Hoc|iPhoneSimulator.Build.0 = Release|x86
		{6B736F11-E9B7-4ED3-B7FE-91D1F4468A5D}.Ad-Hoc|iPhoneSimulator.Deploy.0 = Release|x86
		{6B736F11-E9B7-4ED3-B7FE-91D1F4468A5D}.Ad-Hoc|x64.ActiveCfg = Release|x64
		{6B736F11-E9B7-4ED3-B7FE-91D1F4468A5D}.Ad-Hoc|x64.Build.0 = Release|x64
		{6B736F11-E9B7-4ED3-B7FE-91D1F4468A5D}.Ad-Hoc|x64.Deploy.0 = Release|x64
		{6B736F11-E9B7-4ED3-B7FE-91D1F4468A5D}.Ad-Hoc|x86.ActiveCfg = Release|x86
		{6B736F11-E9B7-4ED3-B7FE-91D1F4468A5D}.Ad-Hoc|x86.Build.0 = Release|x86
		{6B736F11-E9B7-4ED3-B7FE-91D1F4468A5D}.Ad-Hoc|x86.Deploy.0 = Release|x86
		{6B736F11-E9B7-4ED3-B7FE-91D1F4468A5D}.AppStore|Any CPU.ActiveCfg = Release|x86
		{6B736F11-E9B7-4ED3-B7FE-91D1F4468A5D}.AppStore|Any CPU.Build.0 = Release|x86
		{6B736F11-E9B7-4ED3-B7FE-91D1F4468A5D}.AppStore|Any CPU.Deploy.0 = Release|x86
		{6B736F11-E9B7-4ED3-B7FE-91D1F4468A5D}.AppStore|ARM.ActiveCfg = Release|ARM
		{6B736F11-E9B7-4ED3-B7FE-91D1F4468A5D}.AppStore|ARM.Build.0 = Release|ARM
		{6B736F11-E9B7-4ED3-B7FE-91D1F4468A5D}.AppStore|ARM.Deploy.0 = Release|ARM
		{6B736F11-E9B7-4ED3-B7FE-91D1F4468A5D}.AppStore|iPhone.ActiveCfg = Release|x86
		{6B736F11-E9B7-4ED3-B7FE-91D1F4468A5D}.AppStore|iPhone.Build.0 = Release|x86
		{6B736F11-E9B7-4ED3-B7FE-91D1F4468A5D}.AppStore|iPhone.Deploy.0 = Release|x86
		{6B736F11-E9B7-4ED3-B7FE-91D1F4468A5D}.AppStore|iPhoneSimulator.ActiveCfg = Release|x86
		{6B736F11-E9B7-4ED3-B7FE-91D1F4468A5D}.AppStore|iPhoneSimulator.Build.0 = Release|x86
		{6B736F11-E9B7-4ED3-B7FE-91D1F4468A5D}.AppStore|iPhoneSimulator.Deploy.0 = Release|x86
		{6B736F11-E9B7-4ED3-B7FE-91D1F4468A5D}.AppStore|x64.ActiveCfg = Release|x64
		{6B736F11-E9B7-4ED3-B7FE-91D1F4468A5D}.AppStore|x64.Build.0 = Release|x64
		{6B736F11-E9B7-4ED3-B7FE-91D1F4468A5D}.AppStore|x64.Deploy.0 = Release|x64
		{6B736F11-E9B7-4ED3-B7FE-91D1F4468A5D}.AppStore|x86.ActiveCfg = Release|x86
		{6B736F11-E9B7-4ED3-B7FE-91D1F4468A5D}.AppStore|x86.Build.0 = Release|x86
		{6B736F11-E9B7-4ED3-B7FE-91D1F4468A5D}.AppStore|x86.Deploy.0 = Release|x86
		{6B736F11-E9B7-4ED3-B7FE-91D1F4468A5D}.Debug|Any CPU.ActiveCfg = Debug|x86
		{6B736F11-E9B7-4ED3-B7FE-91D1F4468A5D}.Debug|ARM.ActiveCfg = Debug|ARM
		{6B736F11-E9B7-4ED3-B7FE-91D1F4468A5D}.Debug|ARM.Build.0 = Debug|ARM
		{6B736F11-E9B7-4ED3-B7FE-91D1F4468A5D}.Debug|ARM.Deploy.0 = Debug|ARM
		{6B736F11-E9B7-4ED3-B7FE-91D1F4468A5D}.Debug|iPhone.ActiveCfg = Debug|x86
		{6B736F11-E9B7-4ED3-B7FE-91D1F4468A5D}.Debug|iPhoneSimulator.ActiveCfg = Debug|x86
		{6B736F11-E9B7-4ED3-B7FE-91D1F4468A5D}.Debug|x64.ActiveCfg = Debug|x64
		{6B736F11-E9B7-4ED3-B7FE-91D1F4468A5D}.Debug|x64.Build.0 = Debug|x64
		{6B736F11-E9B7-4ED3-B7FE-91D1F4468A5D}.Debug|x64.Deploy.0 = Debug|x64
		{6B736F11-E9B7-4ED3-B7FE-91D1F4468A5D}.Debug|x86.ActiveCfg = Debug|x86
		{6B736F11-E9B7-4ED3-B7FE-91D1F4468A5D}.Debug|x86.Build.0 = Debug|x86
		{6B736F11-E9B7-4ED3-B7FE-91D1F4468A5D}.Debug|x86.Deploy.0 = Debug|x86
		{6B736F11-E9B7-4ED3-B7FE-91D1F4468A5D}.Release|Any CPU.ActiveCfg = Release|x86
		{6B736F11-E9B7-4ED3-B7FE-91D1F4468A5D}.Release|ARM.ActiveCfg = Release|ARM
		{6B736F11-E9B7-4ED3-B7FE-91D1F4468A5D}.Release|ARM.Build.0 = Release|ARM
		{6B736F11-E9B7-4ED3-B7FE-91D1F4468A5D}.Release|ARM.Deploy.0 = Release|ARM
		{6B736F11-E9B7-4ED3-B7FE-91D1F4468A5D}.Release|iPhone.ActiveCfg = Release|x86
		{6B736F11-E9B7-4ED3-B7FE-91D1F4468A5D}.Release|iPhoneSimulator.ActiveCfg = Release|x86
		{6B736F11-E9B7-4ED3-B7FE-91D1F4468A5D}.Release|x64.ActiveCfg = Release|x64
		{6B736F11-E9B7-4ED3-B7FE-91D1F4468A5D}.Release|x64.Build.0 = Release|x64
		{6B736F11-E9B7-4ED3-B7FE-91D1F4468A5D}.Release|x64.Deploy.0 = Release|x64
		{6B736F11-E9B7-4ED3-B7FE-91D1F4468A5D}.Release|x86.ActiveCfg = Release|x86
		{6B736F11-E9B7-4ED3-B7FE-91D1F4468A5D}.Release|x86.Build.0 = Release|x86
		{6B736F11-E9B7-4ED3-B7FE-91D1F4468A5D}.Release|x86.Deploy.0 = Release|x86
		{24FB2245-6FE4-45BB-823A-F9109CAE0D5E}.Ad-Hoc|Any CPU.ActiveCfg = Ad-Hoc|iPhone
		{24FB2245-6FE4-45BB-823A-F9109CAE0D5E}.Ad-Hoc|ARM.ActiveCfg = Ad-Hoc|iPhone
		{24FB2245-6FE4-45BB-823A-F9109CAE0D5E}.Ad-Hoc|iPhone.ActiveCfg = Ad-Hoc|iPhone
		{24FB2245-6FE4-45BB-823A-F9109CAE0D5E}.Ad-Hoc|iPhone.Build.0 = Ad-Hoc|iPhone
		{24FB2245-6FE4-45BB-823A-F9109CAE0D5E}.Ad-Hoc|iPhoneSimulator.ActiveCfg = Ad-Hoc|iPhoneSimulator
		{24FB2245-6FE4-45BB-823A-F9109CAE0D5E}.Ad-Hoc|iPhoneSimulator.Build.0 = Ad-Hoc|iPhoneSimulator
		{24FB2245-6FE4-45BB-823A-F9109CAE0D5E}.Ad-Hoc|x64.ActiveCfg = Ad-Hoc|iPhone
		{24FB2245-6FE4-45BB-823A-F9109CAE0D5E}.Ad-Hoc|x86.ActiveCfg = Ad-Hoc|iPhone
		{24FB2245-6FE4-45BB-823A-F9109CAE0D5E}.AppStore|Any CPU.ActiveCfg = AppStore|iPhone
		{24FB2245-6FE4-45BB-823A-F9109CAE0D5E}.AppStore|ARM.ActiveCfg = AppStore|iPhone
		{24FB2245-6FE4-45BB-823A-F9109CAE0D5E}.AppStore|iPhone.ActiveCfg = AppStore|iPhone
		{24FB2245-6FE4-45BB-823A-F9109CAE0D5E}.AppStore|iPhone.Build.0 = AppStore|iPhone
		{24FB2245-6FE4-45BB-823A-F9109CAE0D5E}.AppStore|iPhoneSimulator.ActiveCfg = AppStore|iPhoneSimulator
		{24FB2245-6FE4-45BB-823A-F9109CAE0D5E}.AppStore|iPhoneSimulator.Build.0 = AppStore|iPhoneSimulator
		{24FB2245-6FE4-45BB-823A-F9109CAE0D5E}.AppStore|x64.ActiveCfg = AppStore|iPhone
		{24FB2245-6FE4-45BB-823A-F9109CAE0D5E}.AppStore|x86.ActiveCfg = AppStore|iPhone
		{24FB2245-6FE4-45BB-823A-F9109CAE0D5E}.Debug|Any CPU.ActiveCfg = Debug|iPhone
		{24FB2245-6FE4-45BB-823A-F9109CAE0D5E}.Debug|ARM.ActiveCfg = Debug|iPhone
		{24FB2245-6FE4-45BB-823A-F9109CAE0D5E}.Debug|iPhone.ActiveCfg = Debug|iPhone
		{24FB2245-6FE4-45BB-823A-F9109CAE0D5E}.Debug|iPhone.Build.0 = Debug|iPhone
		{24FB2245-6FE4-45BB-823A-F9109CAE0D5E}.Debug|iPhoneSimulator.ActiveCfg = Debug|iPhoneSimulator
		{24FB2245-6FE4-45BB-823A-F9109CAE0D5E}.Debug|iPhoneSimulator.Build.0 = Debug|iPhoneSimulator
		{24FB2245-6FE4-45BB-823A-F9109CAE0D5E}.Debug|x64.ActiveCfg = Debug|iPhone
		{24FB2245-6FE4-45BB-823A-F9109CAE0D5E}.Debug|x86.ActiveCfg = Debug|iPhone
		{24FB2245-6FE4-45BB-823A-F9109CAE0D5E}.Release|Any CPU.ActiveCfg = Release|iPhone
		{24FB2245-6FE4-45BB-823A-F9109CAE0D5E}.Release|ARM.ActiveCfg = Release|iPhone
		{24FB2245-6FE4-45BB-823A-F9109CAE0D5E}.Release|iPhone.ActiveCfg = Release|iPhone
		{24FB2245-6FE4-45BB-823A-F9109CAE0D5E}.Release|iPhone.Build.0 = Release|iPhone
		{24FB2245-6FE4-45BB-823A-F9109CAE0D5E}.Release|iPhoneSimulator.ActiveCfg = Release|iPhoneSimulator
		{24FB2245-6FE4-45BB-823A-F9109CAE0D5E}.Release|iPhoneSimulator.Build.0 = Release|iPhoneSimulator
		{24FB2245-6FE4-45BB-823A-F9109CAE0D5E}.Release|x64.ActiveCfg = Release|iPhone
		{24FB2245-6FE4-45BB-823A-F9109CAE0D5E}.Release|x86.ActiveCfg = Release|iPhone
	EndGlobalSection
	GlobalSection(SolutionProperties) = preSolution
		HideSolutionNode = FALSE
	EndGlobalSection
EndGlobal
